
Microsoft Visual Studio Solution File, Format Version 12.00
# Visual Studio 14
VisualStudioVersion = 14.0.25420.1
MinimumVisualStudioVersion = 10.0.40219.1
Project("{2150E333-8FDC-42A3-9474-1A3956D46DE8}") = "Source", "Source", "{EF6E255B-FB8D-43AF-AF91-70A51D1B652D}"
EndProject
Project("{2150E333-8FDC-42A3-9474-1A3956D46DE8}") = "Tests", "Tests", "{12B5DCB3-3716-4C33-86EC-AD06961B1A19}"
EndProject
Project("{FAE04EC0-301F-11D3-BF4B-00C04F79EFBC}") = "Caracal.Voting.Web", "Source\Caracal.Voting.Web\Caracal.Voting.Web.csproj", "{42FBD06E-A742-4E65-A431-A405C4A71177}"
EndProject
Global
	GlobalSection(SolutionConfigurationPlatforms) = preSolution
		Debug|Any CPU = Debug|Any CPU
		Release|Any CPU = Release|Any CPU
	EndGlobalSection
	GlobalSection(ProjectConfigurationPlatforms) = postSolution
		{42FBD06E-A742-4E65-A431-A405C4A71177}.Debug|Any CPU.ActiveCfg = Debug|Any CPU
		{42FBD06E-A742-4E65-A431-A405C4A71177}.Debug|Any CPU.Build.0 = Debug|Any CPU
		{42FBD06E-A742-4E65-A431-A405C4A71177}.Release|Any CPU.ActiveCfg = Release|Any CPU
		{42FBD06E-A742-4E65-A431-A405C4A71177}.Release|Any CPU.Build.0 = Release|Any CPU
	EndGlobalSection
	GlobalSection(SolutionProperties) = preSolution
		HideSolutionNode = FALSE
	EndGlobalSection
	GlobalSection(NestedProjects) = preSolution
		{42FBD06E-A742-4E65-A431-A405C4A71177} = {EF6E255B-FB8D-43AF-AF91-70A51D1B652D}
	EndGlobalSection
EndGlobal
